
Microsoft Visual Studio Solution File, Format Version 12.00
# Visual Studio 15
Project("{FAE04EC0-301F-11D3-BF4B-00C04F79EFBC}") = "Assembly-CSharp", "Assembly-CSharp.csproj", "{592515FC-F71C-E925-E95D-B8B81FD022E9}"
EndProject
Project("{FAE04EC0-301F-11D3-BF4B-00C04F79EFBC}") = "Assembly-CSharp-firstpass", "Assembly-CSharp-firstpass.csproj", "{2875F891-E23F-BA79-D730-E2B361608450}"
EndProject
Project("{FAE04EC0-301F-11D3-BF4B-00C04F79EFBC}") = "Assembly-CSharp-Editor-firstpass", "Assembly-CSharp-Editor-firstpass.csproj", "{FA9558A9-1880-07F0-0BAF-3ABB140E3E1C}"
EndProject
Global
	GlobalSection(SolutionConfigurationPlatforms) = preSolution
		Debug|Any CPU = Debug|Any CPU
		Release|Any CPU = Release|Any CPU
	EndGlobalSection
	GlobalSection(ProjectConfigurationPlatforms) = postSolution
		{592515FC-F71C-E925-E95D-B8B81FD022E9}.Debug|Any CPU.ActiveCfg = Debug|Any CPU
		{592515FC-F71C-E925-E95D-B8B81FD022E9}.Debug|Any CPU.Build.0 = Debug|Any CPU
		{592515FC-F71C-E925-E95D-B8B81FD022E9}.Release|Any CPU.ActiveCfg = Release|Any CPU
		{592515FC-F71C-E925-E95D-B8B81FD022E9}.Release|Any CPU.Build.0 = Release|Any CPU
		{2875F891-E23F-BA79-D730-E2B361608450}.Debug|Any CPU.ActiveCfg = Debug|Any CPU
		{2875F891-E23F-BA79-D730-E2B361608450}.Debug|Any CPU.Build.0 = Debug|Any CPU
		{2875F891-E23F-BA79-D730-E2B361608450}.Release|Any CPU.ActiveCfg = Release|Any CPU
		{2875F891-E23F-BA79-D730-E2B361608450}.Release|Any CPU.Build.0 = Release|Any CPU
		{FA9558A9-1880-07F0-0BAF-3ABB140E3E1C}.Debug|Any CPU.ActiveCfg = Debug|Any CPU
		{FA9558A9-1880-07F0-0BAF-3ABB140E3E1C}.Debug|Any CPU.Build.0 = Debug|Any CPU
		{FA9558A9-1880-07F0-0BAF-3ABB140E3E1C}.Release|Any CPU.ActiveCfg = Release|Any CPU
		{FA9558A9-1880-07F0-0BAF-3ABB140E3E1C}.Release|Any CPU.Build.0 = Release|Any CPU
	EndGlobalSection
	GlobalSection(SolutionProperties) = preSolution
		HideSolutionNode = FALSE
	EndGlobalSection
EndGlobal
